
Microsoft Visual Studio Solution File, Format Version 12.00
# Visual Studio 15
VisualStudioVersion = 15.0.27130.2020
MinimumVisualStudioVersion = 10.0.40219.1
Project("{FAE04EC0-301F-11D3-BF4B-00C04F79EFBC}") = "SeatedNow", "SeatedNow\SeatedNow.csproj", "{7762CA4E-F640-4510-9DE6-B98A7DC07956}"
EndProject
Global
	GlobalSection(SolutionConfigurationPlatforms) = preSolution
		Debug|Any CPU = Debug|Any CPU
		Release|Any CPU = Release|Any CPU
	EndGlobalSection
	GlobalSection(ProjectConfigurationPlatforms) = postSolution
		{7762CA4E-F640-4510-9DE6-B98A7DC07956}.Debug|Any CPU.ActiveCfg = Debug|Any CPU
		{7762CA4E-F640-4510-9DE6-B98A7DC07956}.Debug|Any CPU.Build.0 = Debug|Any CPU
		{7762CA4E-F640-4510-9DE6-B98A7DC07956}.Release|Any CPU.ActiveCfg = Release|Any CPU
		{7762CA4E-F640-4510-9DE6-B98A7DC07956}.Release|Any CPU.Build.0 = Release|Any CPU
	EndGlobalSection
	GlobalSection(SolutionProperties) = preSolution
		HideSolutionNode = FALSE
	EndGlobalSection
	GlobalSection(ExtensibilityGlobals) = postSolution
		SolutionGuid = {03C37B3E-445F-4245-887E-BBB338980894}
	EndGlobalSection
EndGlobal
